
Microsoft Visual Studio Solution File, Format Version 12.00
# Visual Studio Version 17
VisualStudioVersion = 17.14.36127.28 d17.14
MinimumVisualStudioVersion = 10.0.40219.1
Project("{FAE04EC0-301F-11D3-BF4B-00C04F79EFBC}") = "movieconstructor", "movieconstructor\movieconstructor.csproj", "{5438274C-13ED-4CBC-BDD2-30A0B58FC46B}"
EndProject
Global
	GlobalSection(SolutionConfigurationPlatforms) = preSolution
		Debug|Any CPU = Debug|Any CPU
		Release|Any CPU = Release|Any CPU
	EndGlobalSection
	GlobalSection(ProjectConfigurationPlatforms) = postSolution
		{5438274C-13ED-4CBC-BDD2-30A0B58FC46B}.Debug|Any CPU.ActiveCfg = Debug|Any CPU
		{5438274C-13ED-4CBC-BDD2-30A0B58FC46B}.Debug|Any CPU.Build.0 = Debug|Any CPU
		{5438274C-13ED-4CBC-BDD2-30A0B58FC46B}.Release|Any CPU.ActiveCfg = Release|Any CPU
		{5438274C-13ED-4CBC-BDD2-30A0B58FC46B}.Release|Any CPU.Build.0 = Release|Any CPU
	EndGlobalSection
	GlobalSection(SolutionProperties) = preSolution
		HideSolutionNode = FALSE
	EndGlobalSection
	GlobalSection(ExtensibilityGlobals) = postSolution
		SolutionGuid = {5F317973-B0DF-414F-A59D-5D109A576E00}
	EndGlobalSection
EndGlobal
