
Microsoft Visual Studio Solution File, Format Version 12.00
# Visual Studio Version 17
VisualStudioVersion = 17.14.36127.28 d17.14
MinimumVisualStudioVersion = 10.0.40219.1
Project("{FAE04EC0-301F-11D3-BF4B-00C04F79EFBC}") = "jaggedarray", "jaggedarray\jaggedarray.csproj", "{24839DA4-FBCE-4E06-97FA-F9BECD2FE179}"
EndProject
Global
	GlobalSection(SolutionConfigurationPlatforms) = preSolution
		Debug|Any CPU = Debug|Any CPU
		Release|Any CPU = Release|Any CPU
	EndGlobalSection
	GlobalSection(ProjectConfigurationPlatforms) = postSolution
		{24839DA4-FBCE-4E06-97FA-F9BECD2FE179}.Debug|Any CPU.ActiveCfg = Debug|Any CPU
		{24839DA4-FBCE-4E06-97FA-F9BECD2FE179}.Debug|Any CPU.Build.0 = Debug|Any CPU
		{24839DA4-FBCE-4E06-97FA-F9BECD2FE179}.Release|Any CPU.ActiveCfg = Release|Any CPU
		{24839DA4-FBCE-4E06-97FA-F9BECD2FE179}.Release|Any CPU.Build.0 = Release|Any CPU
	EndGlobalSection
	GlobalSection(SolutionProperties) = preSolution
		HideSolutionNode = FALSE
	EndGlobalSection
	GlobalSection(ExtensibilityGlobals) = postSolution
		SolutionGuid = {767F40BD-6E5D-4F09-BB32-2F93E8024CD5}
	EndGlobalSection
EndGlobal
