
Microsoft Visual Studio Solution File, Format Version 12.00
# Visual Studio Version 17
VisualStudioVersion = 17.14.36127.28 d17.14
MinimumVisualStudioVersion = 10.0.40219.1
Project("{FAE04EC0-301F-11D3-BF4B-00C04F79EFBC}") = "C#workshop2", "C#workshop2\C#workshop2.csproj", "{26CBE73E-712B-444C-8B2F-3092EBB62B2C}"
EndProject
Global
	GlobalSection(SolutionConfigurationPlatforms) = preSolution
		Debug|Any CPU = Debug|Any CPU
		Release|Any CPU = Release|Any CPU
	EndGlobalSection
	GlobalSection(ProjectConfigurationPlatforms) = postSolution
		{26CBE73E-712B-444C-8B2F-3092EBB62B2C}.Debug|Any CPU.ActiveCfg = Debug|Any CPU
		{26CBE73E-712B-444C-8B2F-3092EBB62B2C}.Debug|Any CPU.Build.0 = Debug|Any CPU
		{26CBE73E-712B-444C-8B2F-3092EBB62B2C}.Release|Any CPU.ActiveCfg = Release|Any CPU
		{26CBE73E-712B-444C-8B2F-3092EBB62B2C}.Release|Any CPU.Build.0 = Release|Any CPU
	EndGlobalSection
	GlobalSection(SolutionProperties) = preSolution
		HideSolutionNode = FALSE
	EndGlobalSection
	GlobalSection(ExtensibilityGlobals) = postSolution
		SolutionGuid = {85F1131D-7F27-4C52-9E47-6AC231FA0C37}
	EndGlobalSection
EndGlobal
