
Microsoft Visual Studio Solution File, Format Version 12.00
# Visual Studio Version 17
VisualStudioVersion = 17.14.36127.28 d17.14
MinimumVisualStudioVersion = 10.0.40219.1
Project("{FAE04EC0-301F-11D3-BF4B-00C04F79EFBC}") = "carconstructor", "carconstructor\carconstructor.csproj", "{D7EFE365-7367-4454-B8B9-93B3C2C86F27}"
EndProject
Global
	GlobalSection(SolutionConfigurationPlatforms) = preSolution
		Debug|Any CPU = Debug|Any CPU
		Release|Any CPU = Release|Any CPU
	EndGlobalSection
	GlobalSection(ProjectConfigurationPlatforms) = postSolution
		{D7EFE365-7367-4454-B8B9-93B3C2C86F27}.Debug|Any CPU.ActiveCfg = Debug|Any CPU
		{D7EFE365-7367-4454-B8B9-93B3C2C86F27}.Debug|Any CPU.Build.0 = Debug|Any CPU
		{D7EFE365-7367-4454-B8B9-93B3C2C86F27}.Release|Any CPU.ActiveCfg = Release|Any CPU
		{D7EFE365-7367-4454-B8B9-93B3C2C86F27}.Release|Any CPU.Build.0 = Release|Any CPU
	EndGlobalSection
	GlobalSection(SolutionProperties) = preSolution
		HideSolutionNode = FALSE
	EndGlobalSection
	GlobalSection(ExtensibilityGlobals) = postSolution
		SolutionGuid = {3E37AD92-2C0B-476A-B5DC-0E233090AB0D}
	EndGlobalSection
EndGlobal
